
Microsoft Visual Studio Solution File, Format Version 12.00
# Visual Studio Version 17
VisualStudioVersion = 17.8.34330.188
MinimumVisualStudioVersion = 10.0.40219.1
Project("{FAE04EC0-301F-11D3-BF4B-00C04F79EFBC}") = "DataTable", "DataTable\DataTable.csproj", "{E694185A-1258-4EBD-8D71-481E05520128}"
EndProject
Global
	GlobalSection(SolutionConfigurationPlatforms) = preSolution
		Debug|Any CPU = Debug|Any CPU
		Release|Any CPU = Release|Any CPU
	EndGlobalSection
	GlobalSection(ProjectConfigurationPlatforms) = postSolution
		{E694185A-1258-4EBD-8D71-481E05520128}.Debug|Any CPU.ActiveCfg = Debug|Any CPU
		{E694185A-1258-4EBD-8D71-481E05520128}.Debug|Any CPU.Build.0 = Debug|Any CPU
		{E694185A-1258-4EBD-8D71-481E05520128}.Release|Any CPU.ActiveCfg = Release|Any CPU
		{E694185A-1258-4EBD-8D71-481E05520128}.Release|Any CPU.Build.0 = Release|Any CPU
	EndGlobalSection
	GlobalSection(SolutionProperties) = preSolution
		HideSolutionNode = FALSE
	EndGlobalSection
	GlobalSection(ExtensibilityGlobals) = postSolution
		SolutionGuid = {B90AFF2F-D0EF-4677-B90F-5B66C40A7F8D}
	EndGlobalSection
EndGlobal
